
Microsoft Visual Studio Solution File, Format Version 12.00
# Visual Studio Version 16
VisualStudioVersion = 16.0.32407.337
MinimumVisualStudioVersion = 10.0.40219.1
Project("{F184B08F-C81C-45F6-A57F-5ABD9991F28F}") = "WindowsApp1", "WindowsApp1.vbproj", "{B6B80777-4918-45A1-A1D6-E916A805EAF8}"
EndProject
Global
	GlobalSection(SolutionConfigurationPlatforms) = preSolution
		Debug|Any CPU = Debug|Any CPU
		Release|Any CPU = Release|Any CPU
	EndGlobalSection
	GlobalSection(ProjectConfigurationPlatforms) = postSolution
		{B6B80777-4918-45A1-A1D6-E916A805EAF8}.Debug|Any CPU.ActiveCfg = Debug|Any CPU
		{B6B80777-4918-45A1-A1D6-E916A805EAF8}.Debug|Any CPU.Build.0 = Debug|Any CPU
		{B6B80777-4918-45A1-A1D6-E916A805EAF8}.Release|Any CPU.ActiveCfg = Release|Any CPU
		{B6B80777-4918-45A1-A1D6-E916A805EAF8}.Release|Any CPU.Build.0 = Release|Any CPU
	EndGlobalSection
	GlobalSection(SolutionProperties) = preSolution
		HideSolutionNode = FALSE
	EndGlobalSection
	GlobalSection(ExtensibilityGlobals) = postSolution
		SolutionGuid = {CDC03E44-1E9F-4166-9202-EA053D23E585}
	EndGlobalSection
EndGlobal
